
Microsoft Visual Studio Solution File, Format Version 12.00
# Visual Studio Version 17
VisualStudioVersion = 17.14.36429.23
MinimumVisualStudioVersion = 10.0.40219.1
Project("{2150E333-8FDC-42A3-9474-1A3956D46DE8}") = "Task0", "Task0", "{02EA681E-C7D8-13C7-8484-4AC65E1B71E8}"
EndProject
Project("{FAE04EC0-301F-11D3-BF4B-00C04F79EFBC}") = "Tyuiu.AxyonovMA.Sprint1.Task0.V27", "Tyuiu.AxyonovMA.Sprint1.Task0.V27\Tyuiu.AxyonovMA.Sprint1.Task0.V27.csproj", "{868B5C5A-C59A-4AF2-B9A4-49009BC72B5C}"
EndProject
Project("{FAE04EC0-301F-11D3-BF4B-00C04F79EFBC}") = "Tyuiu.AxyonovMA.Sprint1.Task0.V27.Lib", "Tyuiu.AxyonovMA.Sprint1.Task0.V27.Lib\Tyuiu.AxyonovMA.Sprint1.Task0.V27.Lib.csproj", "{5B0CB028-8D9F-458A-A737-0190EB8FFB63}"
EndProject
Project("{FAE04EC0-301F-11D3-BF4B-00C04F79EFBC}") = "Tyuiu.AxyonovMA.Sprint1.Task0.V27.Test", "Tyuiu.AxyonovMA.Sprint1.Task0.V27.Test\Tyuiu.AxyonovMA.Sprint1.Task0.V27.Test.csproj", "{7A1F4243-05C7-4ADA-8939-808494F9603C}"
EndProject
Project("{2150E333-8FDC-42A3-9474-1A3956D46DE8}") = "Task1", "Task1", "{F01C20CA-6806-4FBE-BBAB-7323E629BB5B}"
EndProject
Project("{FAE04EC0-301F-11D3-BF4B-00C04F79EFBC}") = "Tyuiu.AxyonovMA.Sprint1.Task1.V28", "Tyuiu.AxyonovMA.Sprint1.Task1.V28\Tyuiu.AxyonovMA.Sprint1.Task1.V28.csproj", "{0BA6C465-8D99-46B0-B2B1-1DB8706EB7A1}"
EndProject
Project("{FAE04EC0-301F-11D3-BF4B-00C04F79EFBC}") = "Tyuiu.AxyonovMA.Sprint1.Task1.V28.Lib", "Tyuiu.AxyonovMA.Sprint1.Task1.V28.Lib\Tyuiu.AxyonovMA.Sprint1.Task1.V28.Lib.csproj", "{5A613848-74A5-43F8-93D2-C4A7FE42C05B}"
EndProject
Project("{FAE04EC0-301F-11D3-BF4B-00C04F79EFBC}") = "Tyuiu.AxyonovMA.Sprint1.Task1.V28.Test", "Tyuiu.AxyonovMA.Sprint1.Task1.V28.Test\Tyuiu.AxyonovMA.Sprint1.Task1.V28.Test.csproj", "{59DD8093-C26C-4F9B-81EE-81DAFB2F109B}"
EndProject
Project("{2150E333-8FDC-42A3-9474-1A3956D46DE8}") = "Task2", "Task2", "{00195524-C5B0-4431-9D91-DDB0A527D984}"
EndProject
Project("{FAE04EC0-301F-11D3-BF4B-00C04F79EFBC}") = "Tyuiu.AxyonovMA.Sprint1.Task2.V3", "Tyuiu.AxyonovMA.Sprint1.Task2.V3\Tyuiu.AxyonovMA.Sprint1.Task2.V3.csproj", "{00EE9C95-D653-4640-9EEC-782F51616FFB}"
EndProject
Project("{FAE04EC0-301F-11D3-BF4B-00C04F79EFBC}") = "Tyuiu.AxyonovMA.Sprint1.Task2.V3.Lib", "Tyuiu.AxyonovMA.Sprint1.Task2.V3.Lib\Tyuiu.AxyonovMA.Sprint1.Task2.V3.Lib.csproj", "{2DBAC110-C784-4345-B1DE-8C1C95BF08D7}"
EndProject
Project("{FAE04EC0-301F-11D3-BF4B-00C04F79EFBC}") = "Tyuiu.AxyonovMA.Sprint1.Task2.V3.Test", "Tyuiu.AxyonovMA.Sprint1.Task2.V3.Test\Tyuiu.AxyonovMA.Sprint1.Task2.V3.Test.csproj", "{7EB8BF8F-AFEE-4B0D-8A01-83F307A92771}"
EndProject
Project("{2150E333-8FDC-42A3-9474-1A3956D46DE8}") = "Task3", "Task3", "{07F727AE-A053-4A3D-B735-26DC599936EF}"
EndProject
Project("{FAE04EC0-301F-11D3-BF4B-00C04F79EFBC}") = "Tyuiu.AxyonovMA.Sprint1.Task3.V1", "Tyuiu.AxyonovMA.Sprint1.Task3.V1\Tyuiu.AxyonovMA.Sprint1.Task3.V1.csproj", "{736FB6D1-160A-4D6E-AB38-624F6C24DBAD}"
EndProject
Project("{FAE04EC0-301F-11D3-BF4B-00C04F79EFBC}") = "Tyuiu.AxyonovMA.Sprint1.Task3.V1.Lib", "Tyuiu.AxyonovMA.Sprint1.Task3.V1.Lib\Tyuiu.AxyonovMA.Sprint1.Task3.V1.Lib.csproj", "{0773AEAD-D555-41AA-9619-3F4BCBC328DD}"
EndProject
Project("{FAE04EC0-301F-11D3-BF4B-00C04F79EFBC}") = "Tyuiu.AxyonovMA.Sprint1.Task3.V1.Test", "Tyuiu.AxyonovMA.Sprint1.Task3.V1.Test\Tyuiu.AxyonovMA.Sprint1.Task3.V1.Test.csproj", "{CCD4EF5C-41EA-416D-9315-08E2C68484A5}"
EndProject
Project("{2150E333-8FDC-42A3-9474-1A3956D46DE8}") = "Task4", "Task4", "{F367F001-6081-4C77-BDF5-00B59131530D}"
EndProject
Project("{FAE04EC0-301F-11D3-BF4B-00C04F79EFBC}") = "Tyuiu.AxyonovMA.Sprint1.Task4.V8", "Tyuiu.AxyonovMA.Sprint1.Task4.V8\Tyuiu.AxyonovMA.Sprint1.Task4.V8.csproj", "{85361B26-D5EC-4221-A44A-A2EC2B57AA2B}"
EndProject
Project("{FAE04EC0-301F-11D3-BF4B-00C04F79EFBC}") = "Tyuiu.AxyonovMA.Sprint1.Task4.V8.Lib", "Tyuiu.AxyonovMA.Sprint1.Task4.V8.Lib\Tyuiu.AxyonovMA.Sprint1.Task4.V8.Lib.csproj", "{887EBBD3-F1BC-44D1-82C0-D10866BAFB51}"
EndProject
Project("{FAE04EC0-301F-11D3-BF4B-00C04F79EFBC}") = "Tyuiu.AxyonovMA.Sprint1.Task4.V8.Test", "Tyuiu.AxyonovMA.Sprint1.Task4.V8.Test\Tyuiu.AxyonovMA.Sprint1.Task4.V8.Test.csproj", "{B543F383-6615-45AF-A0BB-68671955F9B3}"
EndProject
Project("{2150E333-8FDC-42A3-9474-1A3956D46DE8}") = "Task5", "Task5", "{440DF56F-EF2B-45D1-8954-3392372274D2}"
EndProject
Project("{FAE04EC0-301F-11D3-BF4B-00C04F79EFBC}") = "Tyuiu.AxyonovMA.Sprint1.Task5.V7", "Tyuiu.AxyonovMA.Sprint1.Task5.V7\Tyuiu.AxyonovMA.Sprint1.Task5.V7.csproj", "{58F8806D-71BD-4135-BD9A-20F5551A7592}"
EndProject
Project("{FAE04EC0-301F-11D3-BF4B-00C04F79EFBC}") = "Tyuiu.AxyonovMA.Sprint1.Task5.V7.Lib", "Tyuiu.AxyonovMA.Sprint1.Task5.V7.Lib\Tyuiu.AxyonovMA.Sprint1.Task5.V7.Lib.csproj", "{99A535F3-BA38-4F93-929E-3E2D8A1CDBB7}"
EndProject
Project("{FAE04EC0-301F-11D3-BF4B-00C04F79EFBC}") = "Tyuiu.AxyonovMA.Sprint1.Task5.V7.Test", "Tyuiu.AxyonovMA.Sprint1.Task5.V7.Test\Tyuiu.AxyonovMA.Sprint1.Task5.V7.Test.csproj", "{16FD3D90-73DD-4E08-B865-A81546D07255}"
EndProject
Project("{2150E333-8FDC-42A3-9474-1A3956D46DE8}") = "Task6", "Task6", "{AF0F496A-F34D-4082-BF5A-7FA220D887BB}"
EndProject
Project("{FAE04EC0-301F-11D3-BF4B-00C04F79EFBC}") = "Tyuiu.AxyonovMA.Sprint1.Task6.V9", "Tyuiu.AxyonovMA.Sprint1.Task6.V9\Tyuiu.AxyonovMA.Sprint1.Task6.V9.csproj", "{AF4C3C6B-4127-4B18-BA96-0F65A3AADAD5}"
EndProject
Project("{FAE04EC0-301F-11D3-BF4B-00C04F79EFBC}") = "Tyuiu.AxyonovMA.Sprint1.Task6.V9.Lib", "Tyuiu.AxyonovMA.Sprint1.Task6.V9.Lib\Tyuiu.AxyonovMA.Sprint1.Task6.V9.Lib.csproj", "{3CCEA08A-762A-4112-9ADB-B4B148F802CF}"
EndProject
Project("{FAE04EC0-301F-11D3-BF4B-00C04F79EFBC}") = "Tyuiu.AxyonovMA.Sprint1.Task6.V9.Test", "Tyuiu.AxyonovMA.Sprint1.Task6.V9.Test\Tyuiu.AxyonovMA.Sprint1.Task6.V9.Test.csproj", "{2E98E84F-FF0D-45DE-80F1-337D309F13FD}"
EndProject
Project("{2150E333-8FDC-42A3-9474-1A3956D46DE8}") = "Task7", "Task7", "{C31E83F9-7527-462A-95B8-5AAFD1236D98}"
EndProject
Project("{FAE04EC0-301F-11D3-BF4B-00C04F79EFBC}") = "Tyuiu.AxyonovMA.Sprint1.Task7.V12", "Tyuiu.AxyonovMA.Sprint1.Task7.V12\Tyuiu.AxyonovMA.Sprint1.Task7.V12.csproj", "{04C0BCF5-737D-445F-9889-F1A2BCF3D5CF}"
EndProject
Project("{FAE04EC0-301F-11D3-BF4B-00C04F79EFBC}") = "Tyuiu.AxyonovMA.Sprint1.Task7.V12.Lib", "Tyuiu.AxyonovMA.Sprint1.Task7.V12.Lib\Tyuiu.AxyonovMA.Sprint1.Task7.V12.Lib.csproj", "{144623CF-1063-47B5-946B-695EA6DFA2E9}"
EndProject
Project("{FAE04EC0-301F-11D3-BF4B-00C04F79EFBC}") = "Tyuiu.AxyonovMA.Sprint1.Task7.V12.Test", "Tyuiu.AxyonovMA.Sprint1.Task7.V12.Test\Tyuiu.AxyonovMA.Sprint1.Task7.V12.Test.csproj", "{EC76D660-98A6-4661-A7C0-4D71DDADE764}"
EndProject
Global
	GlobalSection(SolutionConfigurationPlatforms) = preSolution
		Debug|Any CPU = Debug|Any CPU
		Release|Any CPU = Release|Any CPU
	EndGlobalSection
	GlobalSection(ProjectConfigurationPlatforms) = postSolution
		{868B5C5A-C59A-4AF2-B9A4-49009BC72B5C}.Debug|Any CPU.ActiveCfg = Debug|Any CPU
		{868B5C5A-C59A-4AF2-B9A4-49009BC72B5C}.Debug|Any CPU.Build.0 = Debug|Any CPU
		{868B5C5A-C59A-4AF2-B9A4-49009BC72B5C}.Release|Any CPU.ActiveCfg = Release|Any CPU
		{868B5C5A-C59A-4AF2-B9A4-49009BC72B5C}.Release|Any CPU.Build.0 = Release|Any CPU
		{5B0CB028-8D9F-458A-A737-0190EB8FFB63}.Debug|Any CPU.ActiveCfg = Debug|Any CPU
		{5B0CB028-8D9F-458A-A737-0190EB8FFB63}.Debug|Any CPU.Build.0 = Debug|Any CPU
		{5B0CB028-8D9F-458A-A737-0190EB8FFB63}.Release|Any CPU.ActiveCfg = Release|Any CPU
		{5B0CB028-8D9F-458A-A737-0190EB8FFB63}.Release|Any CPU.Build.0 = Release|Any CPU
		{7A1F4243-05C7-4ADA-8939-808494F9603C}.Debug|Any CPU.ActiveCfg = Debug|Any CPU
		{7A1F4243-05C7-4ADA-8939-808494F9603C}.Debug|Any CPU.Build.0 = Debug|Any CPU
		{7A1F4243-05C7-4ADA-8939-808494F9603C}.Release|Any CPU.ActiveCfg = Release|Any CPU
		{7A1F4243-05C7-4ADA-8939-808494F9603C}.Release|Any CPU.Build.0 = Release|Any CPU
		{0BA6C465-8D99-46B0-B2B1-1DB8706EB7A1}.Debug|Any CPU.ActiveCfg = Debug|Any CPU
		{0BA6C465-8D99-46B0-B2B1-1DB8706EB7A1}.Debug|Any CPU.Build.0 = Debug|Any CPU
		{0BA6C465-8D99-46B0-B2B1-1DB8706EB7A1}.Release|Any CPU.ActiveCfg = Release|Any CPU
		{0BA6C465-8D99-46B0-B2B1-1DB8706EB7A1}.Release|Any CPU.Build.0 = Release|Any CPU
		{5A613848-74A5-43F8-93D2-C4A7FE42C05B}.Debug|Any CPU.ActiveCfg = Debug|Any CPU
		{5A613848-74A5-43F8-93D2-C4A7FE42C05B}.Debug|Any CPU.Build.0 = Debug|Any CPU
		{5A613848-74A5-43F8-93D2-C4A7FE42C05B}.Release|Any CPU.ActiveCfg = Release|Any CPU
		{5A613848-74A5-43F8-93D2-C4A7FE42C05B}.Release|Any CPU.Build.0 = Release|Any CPU
		{59DD8093-C26C-4F9B-81EE-81DAFB2F109B}.Debug|Any CPU.ActiveCfg = Debug|Any CPU
		{59DD8093-C26C-4F9B-81EE-81DAFB2F109B}.Debug|Any CPU.Build.0 = Debug|Any CPU
		{59DD8093-C26C-4F9B-81EE-81DAFB2F109B}.Release|Any CPU.ActiveCfg = Release|Any CPU
		{59DD8093-C26C-4F9B-81EE-81DAFB2F109B}.Release|Any CPU.Build.0 = Release|Any CPU
		{00EE9C95-D653-4640-9EEC-782F51616FFB}.Debug|Any CPU.ActiveCfg = Debug|Any CPU
		{00EE9C95-D653-4640-9EEC-782F51616FFB}.Debug|Any CPU.Build.0 = Debug|Any CPU
		{00EE9C95-D653-4640-9EEC-782F51616FFB}.Release|Any CPU.ActiveCfg = Release|Any CPU
		{00EE9C95-D653-4640-9EEC-782F51616FFB}.Release|Any CPU.Build.0 = Release|Any CPU
		{2DBAC110-C784-4345-B1DE-8C1C95BF08D7}.Debug|Any CPU.ActiveCfg = Debug|Any CPU
		{2DBAC110-C784-4345-B1DE-8C1C95BF08D7}.Debug|Any CPU.Build.0 = Debug|Any CPU
		{2DBAC110-C784-4345-B1DE-8C1C95BF08D7}.Release|Any CPU.ActiveCfg = Release|Any CPU
		{2DBAC110-C784-4345-B1DE-8C1C95BF08D7}.Release|Any CPU.Build.0 = Release|Any CPU
		{7EB8BF8F-AFEE-4B0D-8A01-83F307A92771}.Debug|Any CPU.ActiveCfg = Debug|Any CPU
		{7EB8BF8F-AFEE-4B0D-8A01-83F307A92771}.Debug|Any CPU.Build.0 = Debug|Any CPU
		{7EB8BF8F-AFEE-4B0D-8A01-83F307A92771}.Release|Any CPU.ActiveCfg = Release|Any CPU
		{7EB8BF8F-AFEE-4B0D-8A01-83F307A92771}.Release|Any CPU.Build.0 = Release|Any CPU
		{736FB6D1-160A-4D6E-AB38-624F6C24DBAD}.Debug|Any CPU.ActiveCfg = Debug|Any CPU
		{736FB6D1-160A-4D6E-AB38-624F6C24DBAD}.Debug|Any CPU.Build.0 = Debug|Any CPU
		{736FB6D1-160A-4D6E-AB38-624F6C24DBAD}.Release|Any CPU.ActiveCfg = Release|Any CPU
		{736FB6D1-160A-4D6E-AB38-624F6C24DBAD}.Release|Any CPU.Build.0 = Release|Any CPU
		{0773AEAD-D555-41AA-9619-3F4BCBC328DD}.Debug|Any CPU.ActiveCfg = Debug|Any CPU
		{0773AEAD-D555-41AA-9619-3F4BCBC328DD}.Debug|Any CPU.Build.0 = Debug|Any CPU
		{0773AEAD-D555-41AA-9619-3F4BCBC328DD}.Release|Any CPU.ActiveCfg = Release|Any CPU
		{0773AEAD-D555-41AA-9619-3F4BCBC328DD}.Release|Any CPU.Build.0 = Release|Any CPU
		{CCD4EF5C-41EA-416D-9315-08E2C68484A5}.Debug|Any CPU.ActiveCfg = Debug|Any CPU
		{CCD4EF5C-41EA-416D-9315-08E2C68484A5}.Debug|Any CPU.Build.0 = Debug|Any CPU
		{CCD4EF5C-41EA-416D-9315-08E2C68484A5}.Release|Any CPU.ActiveCfg = Release|Any CPU
		{CCD4EF5C-41EA-416D-9315-08E2C68484A5}.Release|Any CPU.Build.0 = Release|Any CPU
		{85361B26-D5EC-4221-A44A-A2EC2B57AA2B}.Debug|Any CPU.ActiveCfg = Debug|Any CPU
		{85361B26-D5EC-4221-A44A-A2EC2B57AA2B}.Debug|Any CPU.Build.0 = Debug|Any CPU
		{85361B26-D5EC-4221-A44A-A2EC2B57AA2B}.Release|Any CPU.ActiveCfg = Release|Any CPU
		{85361B26-D5EC-4221-A44A-A2EC2B57AA2B}.Release|Any CPU.Build.0 = Release|Any CPU
		{887EBBD3-F1BC-44D1-82C0-D10866BAFB51}.Debug|Any CPU.ActiveCfg = Debug|Any CPU
		{887EBBD3-F1BC-44D1-82C0-D10866BAFB51}.Debug|Any CPU.Build.0 = Debug|Any CPU
		{887EBBD3-F1BC-44D1-82C0-D10866BAFB51}.Release|Any CPU.ActiveCfg = Release|Any CPU
		{887EBBD3-F1BC-44D1-82C0-D10866BAFB51}.Release|Any CPU.Build.0 = Release|Any CPU
		{B543F383-6615-45AF-A0BB-68671955F9B3}.Debug|Any CPU.ActiveCfg = Debug|Any CPU
		{B543F383-6615-45AF-A0BB-68671955F9B3}.Debug|Any CPU.Build.0 = Debug|Any CPU
		{B543F383-6615-45AF-A0BB-68671955F9B3}.Release|Any CPU.ActiveCfg = Release|Any CPU
		{B543F383-6615-45AF-A0BB-68671955F9B3}.Release|Any CPU.Build.0 = Release|Any CPU
		{58F8806D-71BD-4135-BD9A-20F5551A7592}.Debug|Any CPU.ActiveCfg = Debug|Any CPU
		{58F8806D-71BD-4135-BD9A-20F5551A7592}.Debug|Any CPU.Build.0 = Debug|Any CPU
		{58F8806D-71BD-4135-BD9A-20F5551A7592}.Release|Any CPU.ActiveCfg = Release|Any CPU
		{58F8806D-71BD-4135-BD9A-20F5551A7592}.Release|Any CPU.Build.0 = Release|Any CPU
		{99A535F3-BA38-4F93-929E-3E2D8A1CDBB7}.Debug|Any CPU.ActiveCfg = Debug|Any CPU
		{99A535F3-BA38-4F93-929E-3E2D8A1CDBB7}.Debug|Any CPU.Build.0 = Debug|Any CPU
		{99A535F3-BA38-4F93-929E-3E2D8A1CDBB7}.Release|Any CPU.ActiveCfg = Release|Any CPU
		{99A535F3-BA38-4F93-929E-3E2D8A1CDBB7}.Release|Any CPU.Build.0 = Release|Any CPU
		{16FD3D90-73DD-4E08-B865-A81546D07255}.Debug|Any CPU.ActiveCfg = Debug|Any CPU
		{16FD3D90-73DD-4E08-B865-A81546D07255}.Debug|Any CPU.Build.0 = Debug|Any CPU
		{16FD3D90-73DD-4E08-B865-A81546D07255}.Release|Any CPU.ActiveCfg = Release|Any CPU
		{16FD3D90-73DD-4E08-B865-A81546D07255}.Release|Any CPU.Build.0 = Release|Any CPU
		{AF4C3C6B-4127-4B18-BA96-0F65A3AADAD5}.Debug|Any CPU.ActiveCfg = Debug|Any CPU
		{AF4C3C6B-4127-4B18-BA96-0F65A3AADAD5}.Debug|Any CPU.Build.0 = Debug|Any CPU
		{AF4C3C6B-4127-4B18-BA96-0F65A3AADAD5}.Release|Any CPU.ActiveCfg = Release|Any CPU
		{AF4C3C6B-4127-4B18-BA96-0F65A3AADAD5}.Release|Any CPU.Build.0 = Release|Any CPU
		{3CCEA08A-762A-4112-9ADB-B4B148F802CF}.Debug|Any CPU.ActiveCfg = Debug|Any CPU
		{3CCEA08A-762A-4112-9ADB-B4B148F802CF}.Debug|Any CPU.Build.0 = Debug|Any CPU
		{3CCEA08A-762A-4112-9ADB-B4B148F802CF}.Release|Any CPU.ActiveCfg = Release|Any CPU
		{3CCEA08A-762A-4112-9ADB-B4B148F802CF}.Release|Any CPU.Build.0 = Release|Any CPU
		{2E98E84F-FF0D-45DE-80F1-337D309F13FD}.Debug|Any CPU.ActiveCfg = Debug|Any CPU
		{2E98E84F-FF0D-45DE-80F1-337D309F13FD}.Debug|Any CPU.Build.0 = Debug|Any CPU
		{2E98E84F-FF0D-45DE-80F1-337D309F13FD}.Release|Any CPU.ActiveCfg = Release|Any CPU
		{2E98E84F-FF0D-45DE-80F1-337D309F13FD}.Release|Any CPU.Build.0 = Release|Any CPU
		{04C0BCF5-737D-445F-9889-F1A2BCF3D5CF}.Debug|Any CPU.ActiveCfg = Debug|Any CPU
		{04C0BCF5-737D-445F-9889-F1A2BCF3D5CF}.Debug|Any CPU.Build.0 = Debug|Any CPU
		{04C0BCF5-737D-445F-9889-F1A2BCF3D5CF}.Release|Any CPU.ActiveCfg = Release|Any CPU
		{04C0BCF5-737D-445F-9889-F1A2BCF3D5CF}.Release|Any CPU.Build.0 = Release|Any CPU
		{144623CF-1063-47B5-946B-695EA6DFA2E9}.Debug|Any CPU.ActiveCfg = Debug|Any CPU
		{144623CF-1063-47B5-946B-695EA6DFA2E9}.Debug|Any CPU.Build.0 = Debug|Any CPU
		{144623CF-1063-47B5-946B-695EA6DFA2E9}.Release|Any CPU.ActiveCfg = Release|Any CPU
		{144623CF-1063-47B5-946B-695EA6DFA2E9}.Release|Any CPU.Build.0 = Release|Any CPU
		{EC76D660-98A6-4661-A7C0-4D71DDADE764}.Debug|Any CPU.ActiveCfg = Debug|Any CPU
		{EC76D660-98A6-4661-A7C0-4D71DDADE764}.Debug|Any CPU.Build.0 = Debug|Any CPU
		{EC76D660-98A6-4661-A7C0-4D71DDADE764}.Release|Any CPU.ActiveCfg = Release|Any CPU
		{EC76D660-98A6-4661-A7C0-4D71DDADE764}.Release|Any CPU.Build.0 = Release|Any CPU
	EndGlobalSection
	GlobalSection(SolutionProperties) = preSolution
		HideSolutionNode = FALSE
	EndGlobalSection
	GlobalSection(NestedProjects) = preSolution
		{868B5C5A-C59A-4AF2-B9A4-49009BC72B5C} = {02EA681E-C7D8-13C7-8484-4AC65E1B71E8}
		{5B0CB028-8D9F-458A-A737-0190EB8FFB63} = {02EA681E-C7D8-13C7-8484-4AC65E1B71E8}
		{7A1F4243-05C7-4ADA-8939-808494F9603C} = {02EA681E-C7D8-13C7-8484-4AC65E1B71E8}
		{0BA6C465-8D99-46B0-B2B1-1DB8706EB7A1} = {F01C20CA-6806-4FBE-BBAB-7323E629BB5B}
		{5A613848-74A5-43F8-93D2-C4A7FE42C05B} = {F01C20CA-6806-4FBE-BBAB-7323E629BB5B}
		{59DD8093-C26C-4F9B-81EE-81DAFB2F109B} = {F01C20CA-6806-4FBE-BBAB-7323E629BB5B}
		{00EE9C95-D653-4640-9EEC-782F51616FFB} = {00195524-C5B0-4431-9D91-DDB0A527D984}
		{2DBAC110-C784-4345-B1DE-8C1C95BF08D7} = {00195524-C5B0-4431-9D91-DDB0A527D984}
		{7EB8BF8F-AFEE-4B0D-8A01-83F307A92771} = {00195524-C5B0-4431-9D91-DDB0A527D984}
		{736FB6D1-160A-4D6E-AB38-624F6C24DBAD} = {07F727AE-A053-4A3D-B735-26DC599936EF}
		{0773AEAD-D555-41AA-9619-3F4BCBC328DD} = {07F727AE-A053-4A3D-B735-26DC599936EF}
		{CCD4EF5C-41EA-416D-9315-08E2C68484A5} = {07F727AE-A053-4A3D-B735-26DC599936EF}
		{85361B26-D5EC-4221-A44A-A2EC2B57AA2B} = {F367F001-6081-4C77-BDF5-00B59131530D}
		{887EBBD3-F1BC-44D1-82C0-D10866BAFB51} = {F367F001-6081-4C77-BDF5-00B59131530D}
		{B543F383-6615-45AF-A0BB-68671955F9B3} = {F367F001-6081-4C77-BDF5-00B59131530D}
		{58F8806D-71BD-4135-BD9A-20F5551A7592} = {440DF56F-EF2B-45D1-8954-3392372274D2}
		{99A535F3-BA38-4F93-929E-3E2D8A1CDBB7} = {440DF56F-EF2B-45D1-8954-3392372274D2}
		{16FD3D90-73DD-4E08-B865-A81546D07255} = {440DF56F-EF2B-45D1-8954-3392372274D2}
		{AF4C3C6B-4127-4B18-BA96-0F65A3AADAD5} = {AF0F496A-F34D-4082-BF5A-7FA220D887BB}
		{3CCEA08A-762A-4112-9ADB-B4B148F802CF} = {AF0F496A-F34D-4082-BF5A-7FA220D887BB}
		{2E98E84F-FF0D-45DE-80F1-337D309F13FD} = {AF0F496A-F34D-4082-BF5A-7FA220D887BB}
		{04C0BCF5-737D-445F-9889-F1A2BCF3D5CF} = {C31E83F9-7527-462A-95B8-5AAFD1236D98}
		{144623CF-1063-47B5-946B-695EA6DFA2E9} = {C31E83F9-7527-462A-95B8-5AAFD1236D98}
		{EC76D660-98A6-4661-A7C0-4D71DDADE764} = {C31E83F9-7527-462A-95B8-5AAFD1236D98}
	EndGlobalSection
	GlobalSection(ExtensibilityGlobals) = postSolution
		SolutionGuid = {7A0FBB59-6746-4601-BD00-15E468A1DF7D}
	EndGlobalSection
EndGlobal
