
Microsoft Visual Studio Solution File, Format Version 12.00
# Visual Studio Version 17
VisualStudioVersion = 17.14.36429.23 d17.14
MinimumVisualStudioVersion = 10.0.40219.1
Project("{2150E333-8FDC-42A3-9474-1A3956D46DE8}") = "Task0", "Task0", "{02EA681E-C7D8-13C7-8484-4AC65E1B71E8}"
EndProject
Project("{FAE04EC0-301F-11D3-BF4B-00C04F79EFBC}") = "Tyuiu.AxyonovMA.Sprint1.Task0.V27", "Tyuiu.AxyonovMA.Sprint1.Task0.V27\Tyuiu.AxyonovMA.Sprint1.Task0.V27.csproj", "{868B5C5A-C59A-4AF2-B9A4-49009BC72B5C}"
EndProject
Project("{FAE04EC0-301F-11D3-BF4B-00C04F79EFBC}") = "Tyuiu.AxyonovMA.Sprint1.Task0.V27.Lib", "Tyuiu.AxyonovMA.Sprint1.Task0.V27.Lib\Tyuiu.AxyonovMA.Sprint1.Task0.V27.Lib.csproj", "{5B0CB028-8D9F-458A-A737-0190EB8FFB63}"
EndProject
Project("{FAE04EC0-301F-11D3-BF4B-00C04F79EFBC}") = "Tyuiu.AxyonovMA.Sprint1.Task0.V27.Test", "Tyuiu.AxyonovMA.Sprint1.Task0.V27.Test\Tyuiu.AxyonovMA.Sprint1.Task0.V27.Test.csproj", "{7A1F4243-05C7-4ADA-8939-808494F9603C}"
EndProject
Project("{2150E333-8FDC-42A3-9474-1A3956D46DE8}") = "Task1", "Task1", "{F01C20CA-6806-4FBE-BBAB-7323E629BB5B}"
EndProject
Project("{FAE04EC0-301F-11D3-BF4B-00C04F79EFBC}") = "Tyuiu.AxyonovMA.Sprint1.Task1.V28", "Tyuiu.AxyonovMA.Sprint1.Task1.V28\Tyuiu.AxyonovMA.Sprint1.Task1.V28.csproj", "{0BA6C465-8D99-46B0-B2B1-1DB8706EB7A1}"
EndProject
Project("{FAE04EC0-301F-11D3-BF4B-00C04F79EFBC}") = "Tyuiu.AxyonovMA.Sprint1.Task1.V28.Lib", "Tyuiu.AxyonovMA.Sprint1.Task1.V28.Lib\Tyuiu.AxyonovMA.Sprint1.Task1.V28.Lib.csproj", "{5A613848-74A5-43F8-93D2-C4A7FE42C05B}"
EndProject
Project("{FAE04EC0-301F-11D3-BF4B-00C04F79EFBC}") = "Tyuiu.AxyonovMA.Sprint1.Task1.V28.Test", "Tyuiu.AxyonovMA.Sprint1.Task1.V28.Test\Tyuiu.AxyonovMA.Sprint1.Task1.V28.Test.csproj", "{59DD8093-C26C-4F9B-81EE-81DAFB2F109B}"
EndProject
Project("{2150E333-8FDC-42A3-9474-1A3956D46DE8}") = "Task2", "Task2", "{00195524-C5B0-4431-9D91-DDB0A527D984}"
EndProject
Project("{FAE04EC0-301F-11D3-BF4B-00C04F79EFBC}") = "Tyuiu.AxyonovMA.Sprint1.Task2.V3", "Tyuiu.AxyonovMA.Sprint1.Task2.V3\Tyuiu.AxyonovMA.Sprint1.Task2.V3.csproj", "{00EE9C95-D653-4640-9EEC-782F51616FFB}"
EndProject
Project("{FAE04EC0-301F-11D3-BF4B-00C04F79EFBC}") = "Tyuiu.AxyonovMA.Sprint1.Task2.V3.Lib", "Tyuiu.AxyonovMA.Sprint1.Task2.V3.Lib\Tyuiu.AxyonovMA.Sprint1.Task2.V3.Lib.csproj", "{2DBAC110-C784-4345-B1DE-8C1C95BF08D7}"
EndProject
Project("{FAE04EC0-301F-11D3-BF4B-00C04F79EFBC}") = "Tyuiu.AxyonovMA.Sprint1.Task2.V3.Test", "Tyuiu.AxyonovMA.Sprint1.Task2.V3.Test\Tyuiu.AxyonovMA.Sprint1.Task2.V3.Test.csproj", "{7EB8BF8F-AFEE-4B0D-8A01-83F307A92771}"
EndProject
Global
	GlobalSection(SolutionConfigurationPlatforms) = preSolution
		Debug|Any CPU = Debug|Any CPU
		Release|Any CPU = Release|Any CPU
	EndGlobalSection
	GlobalSection(ProjectConfigurationPlatforms) = postSolution
		{868B5C5A-C59A-4AF2-B9A4-49009BC72B5C}.Debug|Any CPU.ActiveCfg = Debug|Any CPU
		{868B5C5A-C59A-4AF2-B9A4-49009BC72B5C}.Debug|Any CPU.Build.0 = Debug|Any CPU
		{868B5C5A-C59A-4AF2-B9A4-49009BC72B5C}.Release|Any CPU.ActiveCfg = Release|Any CPU
		{868B5C5A-C59A-4AF2-B9A4-49009BC72B5C}.Release|Any CPU.Build.0 = Release|Any CPU
		{5B0CB028-8D9F-458A-A737-0190EB8FFB63}.Debug|Any CPU.ActiveCfg = Debug|Any CPU
		{5B0CB028-8D9F-458A-A737-0190EB8FFB63}.Debug|Any CPU.Build.0 = Debug|Any CPU
		{5B0CB028-8D9F-458A-A737-0190EB8FFB63}.Release|Any CPU.ActiveCfg = Release|Any CPU
		{5B0CB028-8D9F-458A-A737-0190EB8FFB63}.Release|Any CPU.Build.0 = Release|Any CPU
		{7A1F4243-05C7-4ADA-8939-808494F9603C}.Debug|Any CPU.ActiveCfg = Debug|Any CPU
		{7A1F4243-05C7-4ADA-8939-808494F9603C}.Debug|Any CPU.Build.0 = Debug|Any CPU
		{7A1F4243-05C7-4ADA-8939-808494F9603C}.Release|Any CPU.ActiveCfg = Release|Any CPU
		{7A1F4243-05C7-4ADA-8939-808494F9603C}.Release|Any CPU.Build.0 = Release|Any CPU
		{0BA6C465-8D99-46B0-B2B1-1DB8706EB7A1}.Debug|Any CPU.ActiveCfg = Debug|Any CPU
		{0BA6C465-8D99-46B0-B2B1-1DB8706EB7A1}.Debug|Any CPU.Build.0 = Debug|Any CPU
		{0BA6C465-8D99-46B0-B2B1-1DB8706EB7A1}.Release|Any CPU.ActiveCfg = Release|Any CPU
		{0BA6C465-8D99-46B0-B2B1-1DB8706EB7A1}.Release|Any CPU.Build.0 = Release|Any CPU
		{5A613848-74A5-43F8-93D2-C4A7FE42C05B}.Debug|Any CPU.ActiveCfg = Debug|Any CPU
		{5A613848-74A5-43F8-93D2-C4A7FE42C05B}.Debug|Any CPU.Build.0 = Debug|Any CPU
		{5A613848-74A5-43F8-93D2-C4A7FE42C05B}.Release|Any CPU.ActiveCfg = Release|Any CPU
		{5A613848-74A5-43F8-93D2-C4A7FE42C05B}.Release|Any CPU.Build.0 = Release|Any CPU
		{59DD8093-C26C-4F9B-81EE-81DAFB2F109B}.Debug|Any CPU.ActiveCfg = Debug|Any CPU
		{59DD8093-C26C-4F9B-81EE-81DAFB2F109B}.Debug|Any CPU.Build.0 = Debug|Any CPU
		{59DD8093-C26C-4F9B-81EE-81DAFB2F109B}.Release|Any CPU.ActiveCfg = Release|Any CPU
		{59DD8093-C26C-4F9B-81EE-81DAFB2F109B}.Release|Any CPU.Build.0 = Release|Any CPU
		{00EE9C95-D653-4640-9EEC-782F51616FFB}.Debug|Any CPU.ActiveCfg = Debug|Any CPU
		{00EE9C95-D653-4640-9EEC-782F51616FFB}.Debug|Any CPU.Build.0 = Debug|Any CPU
		{00EE9C95-D653-4640-9EEC-782F51616FFB}.Release|Any CPU.ActiveCfg = Release|Any CPU
		{00EE9C95-D653-4640-9EEC-782F51616FFB}.Release|Any CPU.Build.0 = Release|Any CPU
		{2DBAC110-C784-4345-B1DE-8C1C95BF08D7}.Debug|Any CPU.ActiveCfg = Debug|Any CPU
		{2DBAC110-C784-4345-B1DE-8C1C95BF08D7}.Debug|Any CPU.Build.0 = Debug|Any CPU
		{2DBAC110-C784-4345-B1DE-8C1C95BF08D7}.Release|Any CPU.ActiveCfg = Release|Any CPU
		{2DBAC110-C784-4345-B1DE-8C1C95BF08D7}.Release|Any CPU.Build.0 = Release|Any CPU
		{7EB8BF8F-AFEE-4B0D-8A01-83F307A92771}.Debug|Any CPU.ActiveCfg = Debug|Any CPU
		{7EB8BF8F-AFEE-4B0D-8A01-83F307A92771}.Debug|Any CPU.Build.0 = Debug|Any CPU
		{7EB8BF8F-AFEE-4B0D-8A01-83F307A92771}.Release|Any CPU.ActiveCfg = Release|Any CPU
		{7EB8BF8F-AFEE-4B0D-8A01-83F307A92771}.Release|Any CPU.Build.0 = Release|Any CPU
	EndGlobalSection
	GlobalSection(SolutionProperties) = preSolution
		HideSolutionNode = FALSE
	EndGlobalSection
	GlobalSection(NestedProjects) = preSolution
		{868B5C5A-C59A-4AF2-B9A4-49009BC72B5C} = {02EA681E-C7D8-13C7-8484-4AC65E1B71E8}
		{5B0CB028-8D9F-458A-A737-0190EB8FFB63} = {02EA681E-C7D8-13C7-8484-4AC65E1B71E8}
		{7A1F4243-05C7-4ADA-8939-808494F9603C} = {02EA681E-C7D8-13C7-8484-4AC65E1B71E8}
		{0BA6C465-8D99-46B0-B2B1-1DB8706EB7A1} = {F01C20CA-6806-4FBE-BBAB-7323E629BB5B}
		{5A613848-74A5-43F8-93D2-C4A7FE42C05B} = {F01C20CA-6806-4FBE-BBAB-7323E629BB5B}
		{59DD8093-C26C-4F9B-81EE-81DAFB2F109B} = {F01C20CA-6806-4FBE-BBAB-7323E629BB5B}
		{00EE9C95-D653-4640-9EEC-782F51616FFB} = {00195524-C5B0-4431-9D91-DDB0A527D984}
		{2DBAC110-C784-4345-B1DE-8C1C95BF08D7} = {00195524-C5B0-4431-9D91-DDB0A527D984}
		{7EB8BF8F-AFEE-4B0D-8A01-83F307A92771} = {00195524-C5B0-4431-9D91-DDB0A527D984}
	EndGlobalSection
	GlobalSection(ExtensibilityGlobals) = postSolution
		SolutionGuid = {7A0FBB59-6746-4601-BD00-15E468A1DF7D}
	EndGlobalSection
EndGlobal
